{
  "object": {
    "pins": [
      {
        "package": "HelperKit",
        "repositoryURL": "https://github.com/marionauta/HelperKit",
        "state": {
          "branch": null,
          "revision": "8d2b37d57d4c1800e38bcce8fc020ff0d1ebbf6a",
          "version": "0.8.0"
        }
      },
      {
        "package": "SnapKit",
        "repositoryURL": "https://github.com/SnapKit/SnapKit",
        "state": {
          "branch": null,
          "revision": "d458564516e5676af9c70b4f4b2a9178294f1bc6",
          "version": "5.0.1"
        }
      },
      {
        "package": "ZCoordinator",
        "repositoryURL": "https://github.com/marionauta/ZCoordinator",
        "state": {
          "branch": null,
          "revision": "ee58c3afed29ddf11ead4fd451323429b7597a59",
          "version": null
        }
      }
    ]
  },
  "version": 1
}
